<?xml version="1.0" encoding="utf-8"?>
<Project ToolsVersion="4.0" xmlns:atg="http://atg.xbox.com" xmlns="http://schemas.microsoft.com/developer/msbuild/2003">
  <ItemGroup>
    <Filter Include="Resource Files">
      <UniqueIdentifier>{8e114980-c1a3-4ada-ad7c-83caadf5daeb}</UniqueIdentifier>
      <Extensions>rc;ico;cur;bmp;dlg;rc2;rct;bin;rgs;gif;jpg;jpeg;jpe</Extensions>
    </Filter>
    <Filter Include="DXUT">
      <UniqueIdentifier>{a43c5c25-0e86-4a20-b64a-883785ff74fd}</UniqueIdentifier>
    </Filter>
    <Filter Include="Shaders">
      <UniqueIdentifier>{2c3d4c8c-5d1a-459a-a05a-a4e4b608a44e}</UniqueIdentifier>
      <Extensions>fx;fxh;hlsl</Extensions>
    </Filter>
  </ItemGroup>
  <ItemGroup>
    <ClCompile Include="CCamera.cpp" />
    <ClCompile Include="CCamFirst.cpp" />
    <ClCompile Include="CDevice.cpp" />
    <ClCompile Include="CDeviceContext.cpp" />
    <ClCompile Include="CSwapChain.cpp" />
    <ClCompile Include="CBuffer.cpp" />
    <ClCompile Include="CVertexBuffer.cpp" />
    <ClCompile Include="CTargetView.cpp" />
    <ClCompile Include="CRenderTarget.cpp" />
    <ClCompile Include="CDepthStencil.cpp" />
    <ClCompile Include="CDepthStencilVoew.cpp" />
    <ClCompile Include="CSampleState.cpp" />
    <ClCompile Include="CTexture2D.cpp" />
    <ClCompile Include="CViewport.cpp" />
    <ClCompile Include="CVertexShader.cpp" />
    <ClCompile Include="CInputLayer.cpp" />
    <ClCompile Include="CPixelShader.cpp" />
    <ClCompile Include="CIndexBuffer.cpp" />
    <ClCompile Include="CMesh.cpp" />
    <ClCompile Include="CModel.cpp" />
    <ClCompile Include="includes\imgui\imgui.cpp" />
    <ClCompile Include="includes\imgui\imgui_demo.cpp" />
    <ClCompile Include="includes\imgui\imgui_draw.cpp" />
    <ClCompile Include="includes\imgui\imgui_impl_dx11.cpp" />
    <ClCompile Include="includes\imgui\imgui_impl_win32.cpp" />
    <ClCompile Include="includes\imgui\imgui_widgets.cpp" />
    <ClCompile Include="CMaterial.cpp" />
    <ClCompile Include="CSceneManager.cpp" />
    <ClCompile Include="CGraphicApi.cpp" />
    <ClCompile Include="glad.c" />
    <ClCompile Include="includes\imgui\imgui_impl_glfw.cpp" />
    <ClCompile Include="includes\imgui\imgui_impl_opengl3.cpp" />
    <ClCompile Include="CPase.cpp" />
    <ClCompile Include="CManager.cpp" />
  </ItemGroup>
  <ItemGroup>
    <ClCompile Include="Tutorial07.cpp" />
  </ItemGroup>
  <ItemGroup>
    <None Include="Tutorial07.fx">
      <Filter>Shaders</Filter>
    </None>
  </ItemGroup>
  <ItemGroup>
    <CLInclude Include="resource.h">
      <Filter>Resource Files</Filter>
    </CLInclude>
    <ResourceCompile Include="Tutorial07.rc">
      <Filter>Resource Files</Filter>
    </ResourceCompile>
    <ClInclude Include="CCamera.h" />
    <ClInclude Include="CCamFirst.h" />
    <ClInclude Include="CDevice.h" />
    <ClInclude Include="CDeviceContext.h" />
    <ClInclude Include="CSwapChain.h" />
    <ClInclude Include="Define.h" />
    <ClInclude Include="CBuffer.h" />
    <ClInclude Include="CVertexBuffer.h" />
    <ClInclude Include="CTargetView.h" />
    <ClInclude Include="CRenderTarget.h" />
    <ClInclude Include="CDepthStencil.h" />
    <ClInclude Include="CDepthStencilVoew.h" />
    <ClInclude Include="CSampleState.h" />
    <ClInclude Include="CTexture2D.h" />
    <ClInclude Include="CViewport.h" />
    <ClInclude Include="CVertexShader.h" />
    <ClInclude Include="CInputLayer.h" />
    <ClInclude Include="CPixelShader.h" />
    <ClInclude Include="CIndexBuffer.h" />
    <ClInclude Include="CMesh.h" />
    <ClInclude Include="CModel.h" />
    <ClInclude Include="includes\imgui\imconfig.h" />
    <ClInclude Include="includes\imgui\imgui.h" />
    <ClInclude Include="includes\imgui\imgui_impl_dx11.h" />
    <ClInclude Include="includes\imgui\imgui_impl_win32.h" />
    <ClInclude Include="includes\imgui\imgui_internal.h" />
    <ClInclude Include="includes\imgui\imstb_rectpack.h" />
    <ClInclude Include="includes\imgui\imstb_textedit.h" />
    <ClInclude Include="includes\imgui\imstb_truetype.h" />
    <ClInclude Include="CMaterial.h" />
    <ClInclude Include="CSceneManager.h" />
    <ClInclude Include="CGraphicApi.h" />
    <ClInclude Include="ShaderOGL.h" />
    <ClInclude Include="stb_image.h" />
    <ClInclude Include="ModelOGL.h" />
    <ClInclude Include="MeshOGL.h" />
    <ClInclude Include="CameraOGL.h" />
    <ClInclude Include="includes\imgui\imgui_impl_glfw.h" />
    <ClInclude Include="includes\imgui\imgui_impl_opengl3.h" />
    <ClInclude Include="CPase.h" />
    <ClInclude Include="CManager.h" />
  </ItemGroup>
  <ItemGroup>
    <FxCompile Include="Lambert.fx">
      <Filter>Shaders</Filter>
    </FxCompile>
  </ItemGroup>
</Project>